
Microsoft Visual Studio Solution File, Format Version 12.00
# Visual Studio Version 17
VisualStudioVersion = 17.14.36518.9 d17.14
MinimumVisualStudioVersion = 10.0.40219.1
Project("{FAE04EC0-301F-11D3-BF4B-00C04F79EFBC}") = "HospitalManagementSystem", "HospitalManagementSystem.csproj", "{74DD9ECE-9C59-43DE-A6BD-B5E6592E3766}"
EndProject
Project("{FAE04EC0-301F-11D3-BF4B-00C04F79EFBC}") = "HMS_UI", "..\HMS_UI\HMS_UI.csproj", "{257D0CE3-A361-4A3F-8D23-F7C83EE09E19}"
EndProject
Project("{FAE04EC0-301F-11D3-BF4B-00C04F79EFBC}") = "Forms", "..\Forms\Forms.csproj", "{A0AB1718-51F0-428B-ACD1-1C0201BC844A}"
EndProject
Global
	GlobalSection(SolutionConfigurationPlatforms) = preSolution
		Debug|Any CPU = Debug|Any CPU
		Release|Any CPU = Release|Any CPU
	EndGlobalSection
	GlobalSection(ProjectConfigurationPlatforms) = postSolution
		{74DD9ECE-9C59-43DE-A6BD-B5E6592E3766}.Debug|Any CPU.ActiveCfg = Debug|Any CPU
		{74DD9ECE-9C59-43DE-A6BD-B5E6592E3766}.Debug|Any CPU.Build.0 = Debug|Any CPU
		{74DD9ECE-9C59-43DE-A6BD-B5E6592E3766}.Release|Any CPU.ActiveCfg = Release|Any CPU
		{74DD9ECE-9C59-43DE-A6BD-B5E6592E3766}.Release|Any CPU.Build.0 = Release|Any CPU
		{257D0CE3-A361-4A3F-8D23-F7C83EE09E19}.Debug|Any CPU.ActiveCfg = Debug|Any CPU
		{257D0CE3-A361-4A3F-8D23-F7C83EE09E19}.Debug|Any CPU.Build.0 = Debug|Any CPU
		{257D0CE3-A361-4A3F-8D23-F7C83EE09E19}.Release|Any CPU.ActiveCfg = Release|Any CPU
		{257D0CE3-A361-4A3F-8D23-F7C83EE09E19}.Release|Any CPU.Build.0 = Release|Any CPU
		{A0AB1718-51F0-428B-ACD1-1C0201BC844A}.Debug|Any CPU.ActiveCfg = Debug|Any CPU
		{A0AB1718-51F0-428B-ACD1-1C0201BC844A}.Debug|Any CPU.Build.0 = Debug|Any CPU
		{A0AB1718-51F0-428B-ACD1-1C0201BC844A}.Release|Any CPU.ActiveCfg = Release|Any CPU
		{A0AB1718-51F0-428B-ACD1-1C0201BC844A}.Release|Any CPU.Build.0 = Release|Any CPU
	EndGlobalSection
	GlobalSection(SolutionProperties) = preSolution
		HideSolutionNode = FALSE
	EndGlobalSection
	GlobalSection(ExtensibilityGlobals) = postSolution
		SolutionGuid = {EC592FFC-6935-4422-AFEE-49E1412ED149}
	EndGlobalSection
EndGlobal
